// !$*UTF8*$!
{
	archiveVersion = 1;
	classes = {
	};
	objectVersion = 56;
	objects = {

/* Begin PBXBuildFile section */
		53A4E4C22B108A8E00A99A96 /* FindRestRoomApp.swift in Sources */ = {isa = PBXBuildFile; fileRef = 53A4E4C12B108A8E00A99A96 /* FindRestRoomApp.swift */; };
		53A4E4C42B108A8E00A99A96 /* ContentView.swift in Sources */ = {isa = PBXBuildFile; fileRef = 53A4E4C32B108A8E00A99A96 /* ContentView.swift */; };
		53A4E4C62B108A9400A99A96 /* Assets.xcassets in Resources */ = {isa = PBXBuildFile; fileRef = 53A4E4C52B108A9400A99A96 /* Assets.xcassets */; };
		53A4E4CA2B108A9400A99A96 /* Preview Assets.xcassets in Resources */ = {isa = PBXBuildFile; fileRef = 53A4E4C92B108A9400A99A96 /* Preview Assets.xcassets */; };
		53A4E4D42B108A9500A99A96 /* FindRestRoomTests.swift in Sources */ = {isa = PBXBuildFile; fileRef = 53A4E4D32B108A9500A99A96 /* FindRestRoomTests.swift */; };
		53A4E4DE2B108A9500A99A96 /* FindRestRoomUITests.swift in Sources */ = {isa = PBXBuildFile; fileRef = 53A4E4DD2B108A9500A99A96 /* FindRestRoomUITests.swift */; };
		53A4E4E02B108A9500A99A96 /* FindRestRoomUITestsLaunchTests.swift in Sources */ = {isa = PBXBuildFile; fileRef = 53A4E4DF2B108A9500A99A96 /* FindRestRoomUITestsLaunchTests.swift */; };
		53A4E4F92B108CFD00A99A96 /* LocationManager.swift in Sources */ = {isa = PBXBuildFile; fileRef = 53A4E4F82B108CFD00A99A96 /* LocationManager.swift */; };
		53A4E4FB2B108EEB00A99A96 /* View+Extensions.swift in Sources */ = {isa = PBXBuildFile; fileRef = 53A4E4FA2B108EEB00A99A96 /* View+Extensions.swift */; };
		53A4E4FD2B108F0000A99A96 /* String+Extensions.swift in Sources */ = {isa = PBXBuildFile; fileRef = 53A4E4FC2B108F0000A99A96 /* String+Extensions.swift */; };
		53A4E4FF2B108FA000A99A96 /* Constants.swift in Sources */ = {isa = PBXBuildFile; fileRef = 53A4E4FE2B108FA000A99A96 /* Constants.swift */; };
		53A4E5012B108FD000A99A96 /* Webservice.swift in Sources */ = {isa = PBXBuildFile; fileRef = 53A4E5002B108FD000A99A96 /* Webservice.swift */; };
		53A4E5032B10904700A99A96 /* RestRoom.swift in Sources */ = {isa = PBXBuildFile; fileRef = 53A4E5022B10904700A99A96 /* RestRoom.swift */; };
		53A4E5062B10922700A99A96 /* Actions.swift in Sources */ = {isa = PBXBuildFile; fileRef = 53A4E5052B10922700A99A96 /* Actions.swift */; };
		53A4E5082B10930500A99A96 /* AppState.swift in Sources */ = {isa = PBXBuildFile; fileRef = 53A4E5072B10930500A99A96 /* AppState.swift */; };
		53A4E50A2B10931500A99A96 /* RestRoomState.swift in Sources */ = {isa = PBXBuildFile; fileRef = 53A4E5092B10931500A99A96 /* RestRoomState.swift */; };
		53A4E50C2B1093EC00A99A96 /* AppReducer.swift in Sources */ = {isa = PBXBuildFile; fileRef = 53A4E50B2B1093EC00A99A96 /* AppReducer.swift */; };
		53A4E50E2B10940300A99A96 /* RestRoomReducer.swift in Sources */ = {isa = PBXBuildFile; fileRef = 53A4E50D2B10940300A99A96 /* RestRoomReducer.swift */; };
		53A4E5102B10957F00A99A96 /* RestRoomMiddleware.swift in Sources */ = {isa = PBXBuildFile; fileRef = 53A4E50F2B10957F00A99A96 /* RestRoomMiddleware.swift */; };
		53A4E5122B10986200A99A96 /* Store.swift in Sources */ = {isa = PBXBuildFile; fileRef = 53A4E5112B10986200A99A96 /* Store.swift */; };
		53A4E5162B10A51A00A99A96 /* RestRoomCell.swift in Sources */ = {isa = PBXBuildFile; fileRef = 53A4E5152B10A51A00A99A96 /* RestRoomCell.swift */; };
/* End PBXBuildFile section */

/* Begin PBXContainerItemProxy section */
		53A4E4D02B108A9500A99A96 /* PBXContainerItemProxy */ = {
			isa = PBXContainerItemProxy;
			containerPortal = 53A4E4B62B108A8E00A99A96 /* Project object */;
			proxyType = 1;
			remoteGlobalIDString = 53A4E4BD2B108A8E00A99A96;
			remoteInfo = FindRestRoom;
		};
		53A4E4DA2B108A9500A99A96 /* PBXContainerItemProxy */ = {
			isa = PBXContainerItemProxy;
			containerPortal = 53A4E4B62B108A8E00A99A96 /* Project object */;
			proxyType = 1;
			remoteGlobalIDString = 53A4E4BD2B108A8E00A99A96;
			remoteInfo = FindRestRoom;
		};
/* End PBXContainerItemProxy section */

/* Begin PBXFileReference section */
		53A4E4BE2B108A8E00A99A96 /* FindRestRoom.app */ = {isa = PBXFileReference; explicitFileType = wrapper.application; includeInIndex = 0; path = FindRestRoom.app; sourceTree = BUILT_PRODUCTS_DIR; };
		53A4E4C12B108A8E00A99A96 /* FindRestRoomApp.swift */ = {isa = PBXFileReference; lastKnownFileType = sourcecode.swift; path = FindRestRoomApp.swift; sourceTree = "<group>"; };
		53A4E4C32B108A8E00A99A96 /* ContentView.swift */ = {isa = PBXFileReference; lastKnownFileType = sourcecode.swift; path = ContentView.swift; sourceTree = "<group>"; };
		53A4E4C52B108A9400A99A96 /* Assets.xcassets */ = {isa = PBXFileReference; lastKnownFileType = folder.assetcatalog; path = Assets.xcassets; sourceTree = "<group>"; };
		53A4E4C72B108A9400A99A96 /* FindRestRoom.entitlements */ = {isa = PBXFileReference; lastKnownFileType = text.plist.entitlements; path = FindRestRoom.entitlements; sourceTree = "<group>"; };
		53A4E4C92B108A9400A99A96 /* Preview Assets.xcassets */ = {isa = PBXFileReference; lastKnownFileType = folder.assetcatalog; path = "Preview Assets.xcassets"; sourceTree = "<group>"; };
		53A4E4CF2B108A9500A99A96 /* FindRestRoomTests.xctest */ = {isa = PBXFileReference; explicitFileType = wrapper.cfbundle; includeInIndex = 0; path = FindRestRoomTests.xctest; sourceTree = BUILT_PRODUCTS_DIR; };
		53A4E4D32B108A9500A99A96 /* FindRestRoomTests.swift */ = {isa = PBXFileReference; lastKnownFileType = sourcecode.swift; path = FindRestRoomTests.swift; sourceTree = "<group>"; };
		53A4E4D92B108A9500A99A96 /* FindRestRoomUITests.xctest */ = {isa = PBXFileReference; explicitFileType = wrapper.cfbundle; includeInIndex = 0; path = FindRestRoomUITests.xctest; sourceTree = BUILT_PRODUCTS_DIR; };
		53A4E4DD2B108A9500A99A96 /* FindRestRoomUITests.swift */ = {isa = PBXFileReference; lastKnownFileType = sourcecode.swift; path = FindRestRoomUITests.swift; sourceTree = "<group>"; };
		53A4E4DF2B108A9500A99A96 /* FindRestRoomUITestsLaunchTests.swift */ = {isa = PBXFileReference; lastKnownFileType = sourcecode.swift; path = FindRestRoomUITestsLaunchTests.swift; sourceTree = "<group>"; };
		53A4E4F82B108CFD00A99A96 /* LocationManager.swift */ = {isa = PBXFileReference; lastKnownFileType = sourcecode.swift; path = LocationManager.swift; sourceTree = "<group>"; };
		53A4E4FA2B108EEB00A99A96 /* View+Extensions.swift */ = {isa = PBXFileReference; lastKnownFileType = sourcecode.swift; path = "View+Extensions.swift"; sourceTree = "<group>"; };
		53A4E4FC2B108F0000A99A96 /* String+Extensions.swift */ = {isa = PBXFileReference; lastKnownFileType = sourcecode.swift; path = "String+Extensions.swift"; sourceTree = "<group>"; };
		53A4E4FE2B108FA000A99A96 /* Constants.swift */ = {isa = PBXFileReference; lastKnownFileType = sourcecode.swift; path = Constants.swift; sourceTree = "<group>"; };
		53A4E5002B108FD000A99A96 /* Webservice.swift */ = {isa = PBXFileReference; lastKnownFileType = sourcecode.swift; path = Webservice.swift; sourceTree = "<group>"; };
		53A4E5022B10904700A99A96 /* RestRoom.swift */ = {isa = PBXFileReference; lastKnownFileType = sourcecode.swift; path = RestRoom.swift; sourceTree = "<group>"; };
		53A4E5052B10922700A99A96 /* Actions.swift */ = {isa = PBXFileReference; lastKnownFileType = sourcecode.swift; path = Actions.swift; sourceTree = "<group>"; };
		53A4E5072B10930500A99A96 /* AppState.swift */ = {isa = PBXFileReference; lastKnownFileType = sourcecode.swift; path = AppState.swift; sourceTree = "<group>"; };
		53A4E5092B10931500A99A96 /* RestRoomState.swift */ = {isa = PBXFileReference; lastKnownFileType = sourcecode.swift; path = RestRoomState.swift; sourceTree = "<group>"; };
		53A4E50B2B1093EC00A99A96 /* AppReducer.swift */ = {isa = PBXFileReference; lastKnownFileType = sourcecode.swift; path = AppReducer.swift; sourceTree = "<group>"; };
		53A4E50D2B10940300A99A96 /* RestRoomReducer.swift */ = {isa = PBXFileReference; lastKnownFileType = sourcecode.swift; path = RestRoomReducer.swift; sourceTree = "<group>"; };
		53A4E50F2B10957F00A99A96 /* RestRoomMiddleware.swift */ = {isa = PBXFileReference; lastKnownFileType = sourcecode.swift; path = RestRoomMiddleware.swift; sourceTree = "<group>"; };
		53A4E5112B10986200A99A96 /* Store.swift */ = {isa = PBXFileReference; lastKnownFileType = sourcecode.swift; path = Store.swift; sourceTree = "<group>"; };
		53A4E5152B10A51A00A99A96 /* RestRoomCell.swift */ = {isa = PBXFileReference; lastKnownFileType = sourcecode.swift; path = RestRoomCell.swift; sourceTree = "<group>"; };
/* End PBXFileReference section */

/* Begin PBXFrameworksBuildPhase section */
		53A4E4BB2B108A8E00A99A96 /* Frameworks */ = {
			isa = PBXFrameworksBuildPhase;
			buildActionMask = 2147483647;
			files = (
			);
			runOnlyForDeploymentPostprocessing = 0;
		};
		53A4E4CC2B108A9500A99A96 /* Frameworks */ = {
			isa = PBXFrameworksBuildPhase;
			buildActionMask = 2147483647;
			files = (
			);
			runOnlyForDeploymentPostprocessing = 0;
		};
		53A4E4D62B108A9500A99A96 /* Frameworks */ = {
			isa = PBXFrameworksBuildPhase;
			buildActionMask = 2147483647;
			files = (
			);
			runOnlyForDeploymentPostprocessing = 0;
		};
/* End PBXFrameworksBuildPhase section */

/* Begin PBXGroup section */
		53A4E4B52B108A8E00A99A96 = {
			isa = PBXGroup;
			children = (
				53A4E4C02B108A8E00A99A96 /* FindRestRoom */,
				53A4E4D22B108A9500A99A96 /* FindRestRoomTests */,
				53A4E4DC2B108A9500A99A96 /* FindRestRoomUITests */,
				53A4E4BF2B108A8E00A99A96 /* Products */,
			);
			sourceTree = "<group>";
		};
		53A4E4BF2B108A8E00A99A96 /* Products */ = {
			isa = PBXGroup;
			children = (
				53A4E4BE2B108A8E00A99A96 /* FindRestRoom.app */,
				53A4E4CF2B108A9500A99A96 /* FindRestRoomTests.xctest */,
				53A4E4D92B108A9500A99A96 /* FindRestRoomUITests.xctest */,
			);
			name = Products;
			sourceTree = "<group>";
		};
		53A4E4C02B108A8E00A99A96 /* FindRestRoom */ = {
			isa = PBXGroup;
			children = (
				53A4E4F52B108B4300A99A96 /* Models */,
				53A4E4F42B108B3A00A99A96 /* Services */,
				53A4E4F32B108B2600A99A96 /* Utilities */,
				53A4E4F22B108B1800A99A96 /* Extentions */,
				53A4E4F12B108B0C00A99A96 /* Managers */,
				53A4E4ED2B108AEB00A99A96 /* Store */,
				53A4E4EC2B108AE400A99A96 /* View */,
				53A4E4C12B108A8E00A99A96 /* FindRestRoomApp.swift */,
				53A4E4C52B108A9400A99A96 /* Assets.xcassets */,
				53A4E4C72B108A9400A99A96 /* FindRestRoom.entitlements */,
				53A4E4C82B108A9400A99A96 /* Preview Content */,
			);
			path = FindRestRoom;
			sourceTree = "<group>";
		};
		53A4E4C82B108A9400A99A96 /* Preview Content */ = {
			isa = PBXGroup;
			children = (
				53A4E4C92B108A9400A99A96 /* Preview Assets.xcassets */,
			);
			path = "Preview Content";
			sourceTree = "<group>";
		};
		53A4E4D22B108A9500A99A96 /* FindRestRoomTests */ = {
			isa = PBXGroup;
			children = (
				53A4E4D32B108A9500A99A96 /* FindRestRoomTests.swift */,
			);
			path = FindRestRoomTests;
			sourceTree = "<group>";
		};
		53A4E4DC2B108A9500A99A96 /* FindRestRoomUITests */ = {
			isa = PBXGroup;
			children = (
				53A4E4DD2B108A9500A99A96 /* FindRestRoomUITests.swift */,
				53A4E4DF2B108A9500A99A96 /* FindRestRoomUITestsLaunchTests.swift */,
			);
			path = FindRestRoomUITests;
			sourceTree = "<group>";
		};
		53A4E4EC2B108AE400A99A96 /* View */ = {
			isa = PBXGroup;
			children = (
				53A4E4C32B108A8E00A99A96 /* ContentView.swift */,
				53A4E5152B10A51A00A99A96 /* RestRoomCell.swift */,
			);
			path = View;
			sourceTree = "<group>";
		};
		53A4E4ED2B108AEB00A99A96 /* Store */ = {
			isa = PBXGroup;
			children = (
				53A4E5042B10920200A99A96 /* States */,
				53A4E4F02B108B0400A99A96 /* Actions */,
				53A4E4EF2B108AFC00A99A96 /* Middlewares */,
				53A4E4EE2B108AF400A99A96 /* Reducers */,
				53A4E5112B10986200A99A96 /* Store.swift */,
			);
			path = Store;
			sourceTree = "<group>";
		};
		53A4E4EE2B108AF400A99A96 /* Reducers */ = {
			isa = PBXGroup;
			children = (
				53A4E50B2B1093EC00A99A96 /* AppReducer.swift */,
				53A4E50D2B10940300A99A96 /* RestRoomReducer.swift */,
			);
			path = Reducers;
			sourceTree = "<group>";
		};
		53A4E4EF2B108AFC00A99A96 /* Middlewares */ = {
			isa = PBXGroup;
			children = (
				53A4E50F2B10957F00A99A96 /* RestRoomMiddleware.swift */,
			);
			path = Middlewares;
			sourceTree = "<group>";
		};
		53A4E4F02B108B0400A99A96 /* Actions */ = {
			isa = PBXGroup;
			children = (
				53A4E5052B10922700A99A96 /* Actions.swift */,
			);
			path = Actions;
			sourceTree = "<group>";
		};
		53A4E4F12B108B0C00A99A96 /* Managers */ = {
			isa = PBXGroup;
			children = (
				53A4E4F82B108CFD00A99A96 /* LocationManager.swift */,
			);
			path = Managers;
			sourceTree = "<group>";
		};
		53A4E4F22B108B1800A99A96 /* Extentions */ = {
			isa = PBXGroup;
			children = (
				53A4E4FA2B108EEB00A99A96 /* View+Extensions.swift */,
				53A4E4FC2B108F0000A99A96 /* String+Extensions.swift */,
			);
			path = Extentions;
			sourceTree = "<group>";
		};
		53A4E4F32B108B2600A99A96 /* Utilities */ = {
			isa = PBXGroup;
			children = (
				53A4E4FE2B108FA000A99A96 /* Constants.swift */,
			);
			path = Utilities;
			sourceTree = "<group>";
		};
		53A4E4F42B108B3A00A99A96 /* Services */ = {
			isa = PBXGroup;
			children = (
				53A4E5002B108FD000A99A96 /* Webservice.swift */,
			);
			path = Services;
			sourceTree = "<group>";
		};
		53A4E4F52B108B4300A99A96 /* Models */ = {
			isa = PBXGroup;
			children = (
				53A4E5022B10904700A99A96 /* RestRoom.swift */,
			);
			path = Models;
			sourceTree = "<group>";
		};
		53A4E5042B10920200A99A96 /* States */ = {
			isa = PBXGroup;
			children = (
				53A4E5072B10930500A99A96 /* AppState.swift */,
				53A4E5092B10931500A99A96 /* RestRoomState.swift */,
			);
			path = States;
			sourceTree = "<group>";
		};
/* End PBXGroup section */

/* Begin PBXNativeTarget section */
		53A4E4BD2B108A8E00A99A96 /* FindRestRoom */ = {
			isa = PBXNativeTarget;
			buildConfigurationList = 53A4E4E32B108A9500A99A96 /* Build configuration list for PBXNativeTarget "FindRestRoom" */;
			buildPhases = (
				53A4E4BA2B108A8E00A99A96 /* Sources */,
				53A4E4BB2B108A8E00A99A96 /* Frameworks */,
				53A4E4BC2B108A8E00A99A96 /* Resources */,
			);
			buildRules = (
			);
			dependencies = (
			);
			name = FindRestRoom;
			productName = FindRestRoom;
			productReference = 53A4E4BE2B108A8E00A99A96 /* FindRestRoom.app */;
			productType = "com.apple.product-type.application";
		};
		53A4E4CE2B108A9500A99A96 /* FindRestRoomTests */ = {
			isa = PBXNativeTarget;
			buildConfigurationList = 53A4E4E62B108A9500A99A96 /* Build configuration list for PBXNativeTarget "FindRestRoomTests" */;
			buildPhases = (
				53A4E4CB2B108A9500A99A96 /* Sources */,
				53A4E4CC2B108A9500A99A96 /* Frameworks */,
				53A4E4CD2B108A9500A99A96 /* Resources */,
			);
			buildRules = (
			);
			dependencies = (
				53A4E4D12B108A9500A99A96 /* PBXTargetDependency */,
			);
			name = FindRestRoomTests;
			productName = FindRestRoomTests;
			productReference = 53A4E4CF2B108A9500A99A96 /* FindRestRoomTests.xctest */;
			productType = "com.apple.product-type.bundle.unit-test";
		};
		53A4E4D82B108A9500A99A96 /* FindRestRoomUITests */ = {
			isa = PBXNativeTarget;
			buildConfigurationList = 53A4E4E92B108A9500A99A96 /* Build configuration list for PBXNativeTarget "FindRestRoomUITests" */;
			buildPhases = (
				53A4E4D52B108A9500A99A96 /* Sources */,
				53A4E4D62B108A9500A99A96 /* Frameworks */,
				53A4E4D72B108A9500A99A96 /* Resources */,
			);
			buildRules = (
			);
			dependencies = (
				53A4E4DB2B108A9500A99A96 /* PBXTargetDependency */,
			);
			name = FindRestRoomUITests;
			productName = FindRestRoomUITests;
			productReference = 53A4E4D92B108A9500A99A96 /* FindRestRoomUITests.xctest */;
			productType = "com.apple.product-type.bundle.ui-testing";
		};
/* End PBXNativeTarget section */

/* Begin PBXProject section */
		53A4E4B62B108A8E00A99A96 /* Project object */ = {
			isa = PBXProject;
			attributes = {
				BuildIndependentTargetsInParallel = 1;
				LastSwiftUpdateCheck = 1400;
				LastUpgradeCheck = 1400;
				TargetAttributes = {
					53A4E4BD2B108A8E00A99A96 = {
						CreatedOnToolsVersion = 14.0;
					};
					53A4E4CE2B108A9500A99A96 = {
						CreatedOnToolsVersion = 14.0;
						TestTargetID = 53A4E4BD2B108A8E00A99A96;
					};
					53A4E4D82B108A9500A99A96 = {
						CreatedOnToolsVersion = 14.0;
						TestTargetID = 53A4E4BD2B108A8E00A99A96;
					};
				};
			};
			buildConfigurationList = 53A4E4B92B108A8E00A99A96 /* Build configuration list for PBXProject "FindRestRoom" */;
			compatibilityVersion = "Xcode 14.0";
			developmentRegion = en;
			hasScannedForEncodings = 0;
			knownRegions = (
				en,
				Base,
			);
			mainGroup = 53A4E4B52B108A8E00A99A96;
			productRefGroup = 53A4E4BF2B108A8E00A99A96 /* Products */;
			projectDirPath = "";
			projectRoot = "";
			targets = (
				53A4E4BD2B108A8E00A99A96 /* FindRestRoom */,
				53A4E4CE2B108A9500A99A96 /* FindRestRoomTests */,
				53A4E4D82B108A9500A99A96 /* FindRestRoomUITests */,
			);
		};
/* End PBXProject section */

/* Begin PBXResourcesBuildPhase section */
		53A4E4BC2B108A8E00A99A96 /* Resources */ = {
			isa = PBXResourcesBuildPhase;
			buildActionMask = 2147483647;
			files = (
				53A4E4CA2B108A9400A99A96 /* Preview Assets.xcassets in Resources */,
				53A4E4C62B108A9400A99A96 /* Assets.xcassets in Resources */,
			);
			runOnlyForDeploymentPostprocessing = 0;
		};
		53A4E4CD2B108A9500A99A96 /* Resources */ = {
			isa = PBXResourcesBuildPhase;
			buildActionMask = 2147483647;
			files = (
			);
			runOnlyForDeploymentPostprocessing = 0;
		};
		53A4E4D72B108A9500A99A96 /* Resources */ = {
			isa = PBXResourcesBuildPhase;
			buildActionMask = 2147483647;
			files = (
			);
			runOnlyForDeploymentPostprocessing = 0;
		};
/* End PBXResourcesBuildPhase section */

/* Begin PBXSourcesBuildPhase section */
		53A4E4BA2B108A8E00A99A96 /* Sources */ = {
			isa = PBXSourcesBuildPhase;
			buildActionMask = 2147483647;
			files = (
				53A4E5122B10986200A99A96 /* Store.swift in Sources */,
				53A4E50A2B10931500A99A96 /* RestRoomState.swift in Sources */,
				53A4E4FD2B108F0000A99A96 /* String+Extensions.swift in Sources */,
				53A4E5082B10930500A99A96 /* AppState.swift in Sources */,
				53A4E5012B108FD000A99A96 /* Webservice.swift in Sources */,
				53A4E50E2B10940300A99A96 /* RestRoomReducer.swift in Sources */,
				53A4E4C42B108A8E00A99A96 /* ContentView.swift in Sources */,
				53A4E4C22B108A8E00A99A96 /* FindRestRoomApp.swift in Sources */,
				53A4E5162B10A51A00A99A96 /* RestRoomCell.swift in Sources */,
				53A4E50C2B1093EC00A99A96 /* AppReducer.swift in Sources */,
				53A4E5102B10957F00A99A96 /* RestRoomMiddleware.swift in Sources */,
				53A4E5032B10904700A99A96 /* RestRoom.swift in Sources */,
				53A4E4FB2B108EEB00A99A96 /* View+Extensions.swift in Sources */,
				53A4E5062B10922700A99A96 /* Actions.swift in Sources */,
				53A4E4F92B108CFD00A99A96 /* LocationManager.swift in Sources */,
				53A4E4FF2B108FA000A99A96 /* Constants.swift in Sources */,
			);
			runOnlyForDeploymentPostprocessing = 0;
		};
		53A4E4CB2B108A9500A99A96 /* Sources */ = {
			isa = PBXSourcesBuildPhase;
			buildActionMask = 2147483647;
			files = (
				53A4E4D42B108A9500A99A96 /* FindRestRoomTests.swift in Sources */,
			);
			runOnlyForDeploymentPostprocessing = 0;
		};
		53A4E4D52B108A9500A99A96 /* Sources */ = {
			isa = PBXSourcesBuildPhase;
			buildActionMask = 2147483647;
			files = (
				53A4E4E02B108A9500A99A96 /* FindRestRoomUITestsLaunchTests.swift in Sources */,
				53A4E4DE2B108A9500A99A96 /* FindRestRoomUITests.swift in Sources */,
			);
			runOnlyForDeploymentPostprocessing = 0;
		};
/* End PBXSourcesBuildPhase section */

/* Begin PBXTargetDependency section */
		53A4E4D12B108A9500A99A96 /* PBXTargetDependency */ = {
			isa = PBXTargetDependency;
			target = 53A4E4BD2B108A8E00A99A96 /* FindRestRoom */;
			targetProxy = 53A4E4D02B108A9500A99A96 /* PBXContainerItemProxy */;
		};
		53A4E4DB2B108A9500A99A96 /* PBXTargetDependency */ = {
			isa = PBXTargetDependency;
			target = 53A4E4BD2B108A8E00A99A96 /* FindRestRoom */;
			targetProxy = 53A4E4DA2B108A9500A99A96 /* PBXContainerItemProxy */;
		};
/* End PBXTargetDependency section */

/* Begin XCBuildConfiguration section */
		53A4E4E12B108A9500A99A96 /* Debug */ = {
			isa = XCBuildConfiguration;
			buildSettings = {
				ALWAYS_SEARCH_USER_PATHS = NO;
				CLANG_ANALYZER_NONNULL = YES;
				CLANG_ANALYZER_NUMBER_OBJECT_CONVERSION = YES_AGGRESSIVE;
				CLANG_CXX_LANGUAGE_STANDARD = "gnu++20";
				CLANG_ENABLE_MODULES = YES;
				CLANG_ENABLE_OBJC_ARC = YES;
				CLANG_ENABLE_OBJC_WEAK = YES;
				CLANG_WARN_BLOCK_CAPTURE_AUTORELEASING = YES;
				CLANG_WARN_BOOL_CONVERSION = YES;
				CLANG_WARN_COMMA = YES;
				CLANG_WARN_CONSTANT_CONVERSION = YES;
				CLANG_WARN_DEPRECATED_OBJC_IMPLEMENTATIONS = YES;
				CLANG_WARN_DIRECT_OBJC_ISA_USAGE = YES_ERROR;
				CLANG_WARN_DOCUMENTATION_COMMENTS = YES;
				CLANG_WARN_EMPTY_BODY = YES;
				CLANG_WARN_ENUM_CONVERSION = YES;
				CLANG_WARN_INFINITE_RECURSION = YES;
				CLANG_WARN_INT_CONVERSION = YES;
				CLANG_WARN_NON_LITERAL_NULL_CONVERSION = YES;
				CLANG_WARN_OBJC_IMPLICIT_RETAIN_SELF = YES;
				CLANG_WARN_OBJC_LITERAL_CONVERSION = YES;
				CLANG_WARN_OBJC_ROOT_CLASS = YES_ERROR;
				CLANG_WARN_QUOTED_INCLUDE_IN_FRAMEWORK_HEADER = YES;
				CLANG_WARN_RANGE_LOOP_ANALYSIS = YES;
				CLANG_WARN_STRICT_PROTOTYPES = YES;
				CLANG_WARN_SUSPICIOUS_MOVE = YES;
				CLANG_WARN_UNGUARDED_AVAILABILITY = YES_AGGRESSIVE;
				CLANG_WARN_UNREACHABLE_CODE = YES;
				CLANG_WARN__DUPLICATE_METHOD_MATCH = YES;
				COPY_PHASE_STRIP = NO;
				DEBUG_INFORMATION_FORMAT = dwarf;
				ENABLE_STRICT_OBJC_MSGSEND = YES;
				ENABLE_TESTABILITY = YES;
				GCC_C_LANGUAGE_STANDARD = gnu11;
				GCC_DYNAMIC_NO_PIC = NO;
				GCC_NO_COMMON_BLOCKS = YES;
				GCC_OPTIMIZATION_LEVEL = 0;
				GCC_PREPROCESSOR_DEFINITIONS = (
					"DEBUG=1",
					"$(inherited)",
				);
				GCC_WARN_64_TO_32_BIT_CONVERSION = YES;
				GCC_WARN_ABOUT_RETURN_TYPE = YES_ERROR;
				GCC_WARN_UNDECLARED_SELECTOR = YES;
				GCC_WARN_UNINITIALIZED_AUTOS = YES_AGGRESSIVE;
				GCC_WARN_UNUSED_FUNCTION = YES;
				GCC_WARN_UNUSED_VARIABLE = YES;
				MTL_ENABLE_DEBUG_INFO = INCLUDE_SOURCE;
				MTL_FAST_MATH = YES;
				ONLY_ACTIVE_ARCH = YES;
				SWIFT_ACTIVE_COMPILATION_CONDITIONS = DEBUG;
				SWIFT_OPTIMIZATION_LEVEL = "-Onone";
			};
			name = Debug;
		};
		53A4E4E22B108A9500A99A96 /* Release */ = {
			isa = XCBuildConfiguration;
			buildSettings = {
				ALWAYS_SEARCH_USER_PATHS = NO;
				CLANG_ANALYZER_NONNULL = YES;
				CLANG_ANALYZER_NUMBER_OBJECT_CONVERSION = YES_AGGRESSIVE;
				CLANG_CXX_LANGUAGE_STANDARD = "gnu++20";
				CLANG_ENABLE_MODULES = YES;
				CLANG_ENABLE_OBJC_ARC = YES;
				CLANG_ENABLE_OBJC_WEAK = YES;
				CLANG_WARN_BLOCK_CAPTURE_AUTORELEASING = YES;
				CLANG_WARN_BOOL_CONVERSION = YES;
				CLANG_WARN_COMMA = YES;
				CLANG_WARN_CONSTANT_CONVERSION = YES;
				CLANG_WARN_DEPRECATED_OBJC_IMPLEMENTATIONS = YES;
				CLANG_WARN_DIRECT_OBJC_ISA_USAGE = YES_ERROR;
				CLANG_WARN_DOCUMENTATION_COMMENTS = YES;
				CLANG_WARN_EMPTY_BODY = YES;
				CLANG_WARN_ENUM_CONVERSION = YES;
				CLANG_WARN_INFINITE_RECURSION = YES;
				CLANG_WARN_INT_CONVERSION = YES;
				CLANG_WARN_NON_LITERAL_NULL_CONVERSION = YES;
				CLANG_WARN_OBJC_IMPLICIT_RETAIN_SELF = YES;
				CLANG_WARN_OBJC_LITERAL_CONVERSION = YES;
				CLANG_WARN_OBJC_ROOT_CLASS = YES_ERROR;
				CLANG_WARN_QUOTED_INCLUDE_IN_FRAMEWORK_HEADER = YES;
				CLANG_WARN_RANGE_LOOP_ANALYSIS = YES;
				CLANG_WARN_STRICT_PROTOTYPES = YES;
				CLANG_WARN_SUSPICIOUS_MOVE = YES;
				CLANG_WARN_UNGUARDED_AVAILABILITY = YES_AGGRESSIVE;
				CLANG_WARN_UNREACHABLE_CODE = YES;
				CLANG_WARN__DUPLICATE_METHOD_MATCH = YES;
				COPY_PHASE_STRIP = NO;
				DEBUG_INFORMATION_FORMAT = "dwarf-with-dsym";
				ENABLE_NS_ASSERTIONS = NO;
				ENABLE_STRICT_OBJC_MSGSEND = YES;
				GCC_C_LANGUAGE_STANDARD = gnu11;
				GCC_NO_COMMON_BLOCKS = YES;
				GCC_WARN_64_TO_32_BIT_CONVERSION = YES;
				GCC_WARN_ABOUT_RETURN_TYPE = YES_ERROR;
				GCC_WARN_UNDECLARED_SELECTOR = YES;
				GCC_WARN_UNINITIALIZED_AUTOS = YES_AGGRESSIVE;
				GCC_WARN_UNUSED_FUNCTION = YES;
				GCC_WARN_UNUSED_VARIABLE = YES;
				MTL_ENABLE_DEBUG_INFO = NO;
				MTL_FAST_MATH = YES;
				SWIFT_COMPILATION_MODE = wholemodule;
				SWIFT_OPTIMIZATION_LEVEL = "-O";
			};
			name = Release;
		};
		53A4E4E42B108A9500A99A96 /* Debug */ = {
			isa = XCBuildConfiguration;
			buildSettings = {
				ASSETCATALOG_COMPILER_APPICON_NAME = AppIcon;
				ASSETCATALOG_COMPILER_GLOBAL_ACCENT_COLOR_NAME = AccentColor;
				CODE_SIGN_ENTITLEMENTS = FindRestRoom/FindRestRoom.entitlements;
				CODE_SIGN_STYLE = Automatic;
				CURRENT_PROJECT_VERSION = 1;
				DEVELOPMENT_ASSET_PATHS = "\"FindRestRoom/Preview Content\"";
				DEVELOPMENT_TEAM = 7P9WAN3Q6S;
				ENABLE_HARDENED_RUNTIME = YES;
				ENABLE_PREVIEWS = YES;
				GENERATE_INFOPLIST_FILE = YES;
				INFOPLIST_FILE = FindRestRoom/Info.plist;
				INFOPLIST_KEY_NSLocationAlwaysAndWhenInUseUsageDescription = "FindRestRoom requires access to your location.";
				INFOPLIST_KEY_NSLocationWhenInUseUsageDescription = "FindRestRoom requires access to your location.";
				"INFOPLIST_KEY_UIApplicationSceneManifest_Generation[sdk=iphoneos*]" = YES;
				"INFOPLIST_KEY_UIApplicationSceneManifest_Generation[sdk=iphonesimulator*]" = YES;
				"INFOPLIST_KEY_UIApplicationSupportsIndirectInputEvents[sdk=iphoneos*]" = YES;
				"INFOPLIST_KEY_UIApplicationSupportsIndirectInputEvents[sdk=iphonesimulator*]" = YES;
				"INFOPLIST_KEY_UILaunchScreen_Generation[sdk=iphoneos*]" = YES;
				"INFOPLIST_KEY_UILaunchScreen_Generation[sdk=iphonesimulator*]" = YES;
				"INFOPLIST_KEY_UIStatusBarStyle[sdk=iphoneos*]" = UIStatusBarStyleDefault;
				"INFOPLIST_KEY_UIStatusBarStyle[sdk=iphonesimulator*]" = UIStatusBarStyleDefault;
				INFOPLIST_KEY_UISupportedInterfaceOrientations_iPad = "UIInterfaceOrientationPortrait UIInterfaceOrientationPortraitUpsideDown UIInterfaceOrientationLandscapeLeft UIInterfaceOrientationLandscapeRight";
				INFOPLIST_KEY_UISupportedInterfaceOrientations_iPhone = "UIInterfaceOrientationPortrait UIInterfaceOrientationLandscapeLeft UIInterfaceOrientationLandscapeRight";
				IPHONEOS_DEPLOYMENT_TARGET = 16.0;
				LD_RUNPATH_SEARCH_PATHS = "@executable_path/Frameworks";
				"LD_RUNPATH_SEARCH_PATHS[sdk=macosx*]" = "@executable_path/../Frameworks";
				MACOSX_DEPLOYMENT_TARGET = 12.3;
				MARKETING_VERSION = 1.0;
				PRODUCT_BUNDLE_IDENTIFIER = com.prafulmahajan.FindRestRoom;
				PRODUCT_NAME = "$(TARGET_NAME)";
				SDKROOT = auto;
				SUPPORTED_PLATFORMS = "iphoneos iphonesimulator macosx";
				SWIFT_EMIT_LOC_STRINGS = YES;
				SWIFT_VERSION = 5.0;
				TARGETED_DEVICE_FAMILY = "1,2";
			};
			name = Debug;
		};
		53A4E4E52B108A9500A99A96 /* Release */ = {
			isa = XCBuildConfiguration;
			buildSettings = {
				ASSETCATALOG_COMPILER_APPICON_NAME = AppIcon;
				ASSETCATALOG_COMPILER_GLOBAL_ACCENT_COLOR_NAME = AccentColor;
				CODE_SIGN_ENTITLEMENTS = FindRestRoom/FindRestRoom.entitlements;
				CODE_SIGN_STYLE = Automatic;
				CURRENT_PROJECT_VERSION = 1;
				DEVELOPMENT_ASSET_PATHS = "\"FindRestRoom/Preview Content\"";
				DEVELOPMENT_TEAM = 7P9WAN3Q6S;
				ENABLE_HARDENED_RUNTIME = YES;
				ENABLE_PREVIEWS = YES;
				GENERATE_INFOPLIST_FILE = YES;
				INFOPLIST_FILE = FindRestRoom/Info.plist;
				INFOPLIST_KEY_NSLocationAlwaysAndWhenInUseUsageDescription = "FindRestRoom requires access to your location.";
				INFOPLIST_KEY_NSLocationWhenInUseUsageDescription = "FindRestRoom requires access to your location.";
				"INFOPLIST_KEY_UIApplicationSceneManifest_Generation[sdk=iphoneos*]" = YES;
				"INFOPLIST_KEY_UIApplicationSceneManifest_Generation[sdk=iphonesimulator*]" = YES;
				"INFOPLIST_KEY_UIApplicationSupportsIndirectInputEvents[sdk=iphoneos*]" = YES;
				"INFOPLIST_KEY_UIApplicationSupportsIndirectInputEvents[sdk=iphonesimulator*]" = YES;
				"INFOPLIST_KEY_UILaunchScreen_Generation[sdk=iphoneos*]" = YES;
				"INFOPLIST_KEY_UILaunchScreen_Generation[sdk=iphonesimulator*]" = YES;
				"INFOPLIST_KEY_UIStatusBarStyle[sdk=iphoneos*]" = UIStatusBarStyleDefault;
				"INFOPLIST_KEY_UIStatusBarStyle[sdk=iphonesimulator*]" = UIStatusBarStyleDefault;
				INFOPLIST_KEY_UISupportedInterfaceOrientations_iPad = "UIInterfaceOrientationPortrait UIInterfaceOrientationPortraitUpsideDown UIInterfaceOrientationLandscapeLeft UIInterfaceOrientationLandscapeRight";
				INFOPLIST_KEY_UISupportedInterfaceOrientations_iPhone = "UIInterfaceOrientationPortrait UIInterfaceOrientationLandscapeLeft UIInterfaceOrientationLandscapeRight";
				IPHONEOS_DEPLOYMENT_TARGET = 16.0;
				LD_RUNPATH_SEARCH_PATHS = "@executable_path/Frameworks";
				"LD_RUNPATH_SEARCH_PATHS[sdk=macosx*]" = "@executable_path/../Frameworks";
				MACOSX_DEPLOYMENT_TARGET = 12.3;
				MARKETING_VERSION = 1.0;
				PRODUCT_BUNDLE_IDENTIFIER = com.prafulmahajan.FindRestRoom;
				PRODUCT_NAME = "$(TARGET_NAME)";
				SDKROOT = auto;
				SUPPORTED_PLATFORMS = "iphoneos iphonesimulator macosx";
				SWIFT_EMIT_LOC_STRINGS = YES;
				SWIFT_VERSION = 5.0;
				TARGETED_DEVICE_FAMILY = "1,2";
			};
			name = Release;
		};
		53A4E4E72B108A9500A99A96 /* Debug */ = {
			isa = XCBuildConfiguration;
			buildSettings = {
				ALWAYS_EMBED_SWIFT_STANDARD_LIBRARIES = YES;
				BUNDLE_LOADER = "$(TEST_HOST)";
				CODE_SIGN_STYLE = Automatic;
				CURRENT_PROJECT_VERSION = 1;
				DEVELOPMENT_TEAM = 7P9WAN3Q6S;
				GENERATE_INFOPLIST_FILE = YES;
				IPHONEOS_DEPLOYMENT_TARGET = 16.0;
				MACOSX_DEPLOYMENT_TARGET = 12.3;
				MARKETING_VERSION = 1.0;
				PRODUCT_BUNDLE_IDENTIFIER = com.prafulmahajan.FindRestRoomTests;
				PRODUCT_NAME = "$(TARGET_NAME)";
				SDKROOT = auto;
				SUPPORTED_PLATFORMS = "iphoneos iphonesimulator macosx";
				SWIFT_EMIT_LOC_STRINGS = NO;
				SWIFT_VERSION = 5.0;
				TARGETED_DEVICE_FAMILY = "1,2";
				TEST_HOST = "$(BUILT_PRODUCTS_DIR)/FindRestRoom.app/$(BUNDLE_EXECUTABLE_FOLDER_PATH)/FindRestRoom";
			};
			name = Debug;
		};
		53A4E4E82B108A9500A99A96 /* Release */ = {
			isa = XCBuildConfiguration;
			buildSettings = {
				ALWAYS_EMBED_SWIFT_STANDARD_LIBRARIES = YES;
				BUNDLE_LOADER = "$(TEST_HOST)";
				CODE_SIGN_STYLE = Automatic;
				CURRENT_PROJECT_VERSION = 1;
				DEVELOPMENT_TEAM = 7P9WAN3Q6S;
				GENERATE_INFOPLIST_FILE = YES;
				IPHONEOS_DEPLOYMENT_TARGET = 16.0;
				MACOSX_DEPLOYMENT_TARGET = 12.3;
				MARKETING_VERSION = 1.0;
				PRODUCT_BUNDLE_IDENTIFIER = com.prafulmahajan.FindRestRoomTests;
				PRODUCT_NAME = "$(TARGET_NAME)";
				SDKROOT = auto;
				SUPPORTED_PLATFORMS = "iphoneos iphonesimulator macosx";
				SWIFT_EMIT_LOC_STRINGS = NO;
				SWIFT_VERSION = 5.0;
				TARGETED_DEVICE_FAMILY = "1,2";
				TEST_HOST = "$(BUILT_PRODUCTS_DIR)/FindRestRoom.app/$(BUNDLE_EXECUTABLE_FOLDER_PATH)/FindRestRoom";
			};
			name = Release;
		};
		53A4E4EA2B108A9500A99A96 /* Debug */ = {
			isa = XCBuildConfiguration;
			buildSettings = {
				ALWAYS_EMBED_SWIFT_STANDARD_LIBRARIES = YES;
				CODE_SIGN_STYLE = Automatic;
				CURRENT_PROJECT_VERSION = 1;
				DEVELOPMENT_TEAM = 7P9WAN3Q6S;
				GENERATE_INFOPLIST_FILE = YES;
				IPHONEOS_DEPLOYMENT_TARGET = 16.0;
				MACOSX_DEPLOYMENT_TARGET = 12.3;
				MARKETING_VERSION = 1.0;
				PRODUCT_BUNDLE_IDENTIFIER = com.prafulmahajan.FindRestRoomUITests;
				PRODUCT_NAME = "$(TARGET_NAME)";
				SDKROOT = auto;
				SUPPORTED_PLATFORMS = "iphoneos iphonesimulator macosx";
				SWIFT_EMIT_LOC_STRINGS = NO;
				SWIFT_VERSION = 5.0;
				TARGETED_DEVICE_FAMILY = "1,2";
				TEST_TARGET_NAME = FindRestRoom;
			};
			name = Debug;
		};
		53A4E4EB2B108A9500A99A96 /* Release */ = {
			isa = XCBuildConfiguration;
			buildSettings = {
				ALWAYS_EMBED_SWIFT_STANDARD_LIBRARIES = YES;
				CODE_SIGN_STYLE = Automatic;
				CURRENT_PROJECT_VERSION = 1;
				DEVELOPMENT_TEAM = 7P9WAN3Q6S;
				GENERATE_INFOPLIST_FILE = YES;
				IPHONEOS_DEPLOYMENT_TARGET = 16.0;
				MACOSX_DEPLOYMENT_TARGET = 12.3;
				MARKETING_VERSION = 1.0;
				PRODUCT_BUNDLE_IDENTIFIER = com.prafulmahajan.FindRestRoomUITests;
				PRODUCT_NAME = "$(TARGET_NAME)";
				SDKROOT = auto;
				SUPPORTED_PLATFORMS = "iphoneos iphonesimulator macosx";
				SWIFT_EMIT_LOC_STRINGS = NO;
				SWIFT_VERSION = 5.0;
				TARGETED_DEVICE_FAMILY = "1,2";
				TEST_TARGET_NAME = FindRestRoom;
			};
			name = Release;
		};
/* End XCBuildConfiguration section */

/* Begin XCConfigurationList section */
		53A4E4B92B108A8E00A99A96 /* Build configuration list for PBXProject "FindRestRoom" */ = {
			isa = XCConfigurationList;
			buildConfigurations = (
				53A4E4E12B108A9500A99A96 /* Debug */,
				53A4E4E22B108A9500A99A96 /* Release */,
			);
			defaultConfigurationIsVisible = 0;
			defaultConfigurationName = Release;
		};
		53A4E4E32B108A9500A99A96 /* Build configuration list for PBXNativeTarget "FindRestRoom" */ = {
			isa = XCConfigurationList;
			buildConfigurations = (
				53A4E4E42B108A9500A99A96 /* Debug */,
				53A4E4E52B108A9500A99A96 /* Release */,
			);
			defaultConfigurationIsVisible = 0;
			defaultConfigurationName = Release;
		};
		53A4E4E62B108A9500A99A96 /* Build configuration list for PBXNativeTarget "FindRestRoomTests" */ = {
			isa = XCConfigurationList;
			buildConfigurations = (
				53A4E4E72B108A9500A99A96 /* Debug */,
				53A4E4E82B108A9500A99A96 /* Release */,
			);
			defaultConfigurationIsVisible = 0;
			defaultConfigurationName = Release;
		};
		53A4E4E92B108A9500A99A96 /* Build configuration list for PBXNativeTarget "FindRestRoomUITests" */ = {
			isa = XCConfigurationList;
			buildConfigurations = (
				53A4E4EA2B108A9500A99A96 /* Debug */,
				53A4E4EB2B108A9500A99A96 /* Release */,
			);
			defaultConfigurationIsVisible = 0;
			defaultConfigurationName = Release;
		};
/* End XCConfigurationList section */
	};
	rootObject = 53A4E4B62B108A8E00A99A96 /* Project object */;
}
